
Microsoft Visual Studio Solution File, Format Version 12.00
# Visual Studio 15
Project("{FAE04EC0-301F-11D3-BF4B-00C04F79EFBC}") = "Udp", "Udp.csproj", "{FD896170-2FD7-24C7-0E99-19916A7AF1FA}"
EndProject
Project("{FAE04EC0-301F-11D3-BF4B-00C04F79EFBC}") = "GameScene", "GameScene.csproj", "{63542C6D-B82D-F029-07D1-3A0A423BF744}"
EndProject
Global
	GlobalSection(SolutionConfigurationPlatforms) = preSolution
		Debug|Any CPU = Debug|Any CPU
		Release|Any CPU = Release|Any CPU
	EndGlobalSection
	GlobalSection(ProjectConfigurationPlatforms) = postSolution
		{FD896170-2FD7-24C7-0E99-19916A7AF1FA}.Debug|Any CPU.ActiveCfg = Debug|Any CPU
		{FD896170-2FD7-24C7-0E99-19916A7AF1FA}.Debug|Any CPU.Build.0 = Debug|Any CPU
		{FD896170-2FD7-24C7-0E99-19916A7AF1FA}.Release|Any CPU.ActiveCfg = Release|Any CPU
		{FD896170-2FD7-24C7-0E99-19916A7AF1FA}.Release|Any CPU.Build.0 = Release|Any CPU
		{63542C6D-B82D-F029-07D1-3A0A423BF744}.Debug|Any CPU.ActiveCfg = Debug|Any CPU
		{63542C6D-B82D-F029-07D1-3A0A423BF744}.Debug|Any CPU.Build.0 = Debug|Any CPU
		{63542C6D-B82D-F029-07D1-3A0A423BF744}.Release|Any CPU.ActiveCfg = Release|Any CPU
		{63542C6D-B82D-F029-07D1-3A0A423BF744}.Release|Any CPU.Build.0 = Release|Any CPU
	EndGlobalSection
	GlobalSection(SolutionProperties) = preSolution
		HideSolutionNode = FALSE
	EndGlobalSection
EndGlobal
